
Microsoft Visual Studio Solution File, Format Version 12.00
# Visual Studio Version 17
VisualStudioVersion = 17.2.32630.192
MinimumVisualStudioVersion = 10.0.40219.1
Project("{FAE04EC0-301F-11D3-BF4B-00C04F79EFBC}") = "WindowsService1", "WindowsService1\WindowsService1.csproj", "{FD690851-6B48-479E-B03C-A52FF6CEA0C9}"
EndProject
Global
	GlobalSection(SolutionConfigurationPlatforms) = preSolution
		Debug|Any CPU = Debug|Any CPU
		Release|Any CPU = Release|Any CPU
	EndGlobalSection
	GlobalSection(ProjectConfigurationPlatforms) = postSolution
		{FD690851-6B48-479E-B03C-A52FF6CEA0C9}.Debug|Any CPU.ActiveCfg = Debug|Any CPU
		{FD690851-6B48-479E-B03C-A52FF6CEA0C9}.Debug|Any CPU.Build.0 = Debug|Any CPU
		{FD690851-6B48-479E-B03C-A52FF6CEA0C9}.Release|Any CPU.ActiveCfg = Release|Any CPU
		{FD690851-6B48-479E-B03C-A52FF6CEA0C9}.Release|Any CPU.Build.0 = Release|Any CPU
	EndGlobalSection
	GlobalSection(SolutionProperties) = preSolution
		HideSolutionNode = FALSE
	EndGlobalSection
	GlobalSection(ExtensibilityGlobals) = postSolution
		SolutionGuid = {0124945B-B3D4-420C-99B7-25AE95195553}
	EndGlobalSection
EndGlobal
